Microsoft Visual Studio Solution File, Format Version 12.00
# Visual Studio Version 17
VisualStudioVersion = 17.5.2.0
MinimumVisualStudioVersion = 10.0.40219.1
Project("{FAE04EC0-301F-11D3-BF4B-00C04F79EFBC}") = "Encapsulation", "Encapsulation\Encapsulation.csproj", "{0D1C4081-4281-47DB-A40F-FC84FD706CC3}"
EndProject
Project("{FAE04EC0-301F-11D3-BF4B-00C04F79EFBC}") = "Inheritance", "Inheritance\Inheritance.csproj", "{DEAE7A73-EB22-458F-BD5A-3690A3F5AFFE}"
EndProject
Project("{FAE04EC0-301F-11D3-BF4B-00C04F79EFBC}") = "Polymorphism", "Polymorphism\Polymorphism.csproj", "{4694412B-91FD-451E-B5B0-3BA94E89F631}"
EndProject
Project("{FAE04EC0-301F-11D3-BF4B-00C04F79EFBC}") = "Abstraction", "Abstraction\Abstraction.csproj", "{11AFB7A2-C345-4358-A464-BB2A9AEF798C}"
EndProject
Project("{FAE04EC0-301F-11D3-BF4B-00C04F79EFBC}") = "Params", "Params\Params.csproj", "{155E68BF-83E0-41F1-802C-361F99F3610F}"
EndProject
Project("{FAE04EC0-301F-11D3-BF4B-00C04F79EFBC}") = "Ref", "Ref\Ref.csproj", "{CFB33743-B65D-469F-9098-3AB7BDB2B854}"
EndProject
Project("{FAE04EC0-301F-11D3-BF4B-00C04F79EFBC}") = "Out_Keyword", "Out_Keyword\Out_Keyword.csproj", "{523A5319-0881-4E6C-AAF0-BA1E0CEEB837}"
EndProject
Project("{FAE04EC0-301F-11D3-BF4B-00C04F79EFBC}") = "Object_And_Classes", "Object_And_Classes\Object_And_Classes.csproj", "{E769B2A2-808B-4FD1-B49C-D6971E5CA988}"
EndProject
Project("{FAE04EC0-301F-11D3-BF4B-00C04F79EFBC}") = "Member", "Member\Member.csproj", "{2ED87C50-9925-47CA-8652-4A3DECB20457}"
EndProject
Project("{FAE04EC0-301F-11D3-BF4B-00C04F79EFBC}") = "Constructor", "Constructor\Constructor.csproj", "{4C7BCA3B-BD59-4347-B4A0-B108AD13776A}"
EndProject
Project("{FAE04EC0-301F-11D3-BF4B-00C04F79EFBC}") = "Properties", "Properties\Properties.csproj", "{9AE7648D-0CEB-4886-A6FC-41186C19864A}"
EndProject
Project("{FAE04EC0-301F-11D3-BF4B-00C04F79EFBC}") = "Interfaces", "Interfaces\Interfaces.csproj", "{B9E4777D-8DDC-4531-9E6D-6B323B17F326}"
EndProject
Project("{FAE04EC0-301F-11D3-BF4B-00C04F79EFBC}") = "Static_And_Instance", "Static_And_Instance\Static_And_Instance.csproj", "{9D473CA3-8527-45C1-805F-98A90CF602AE}"
EndProject
Project("{FAE04EC0-301F-11D3-BF4B-00C04F79EFBC}") = "Single_Responsibility", "Single_Responsibility\Single_Responsibility.csproj", "{E4D2785D-3653-4902-8362-00E6A44C4B6F}"
EndProject
Project("{FAE04EC0-301F-11D3-BF4B-00C04F79EFBC}") = "Open_Closed", "Open_Closed\Open_Closed.csproj", "{D30F81C0-7D2E-4F76-99FA-7FBA3AA7C852}"
EndProject
Project("{FAE04EC0-301F-11D3-BF4B-00C04F79EFBC}") = "Liskov_Subsituation", "Liskov_Subsituation\Liskov_Subsituation.csproj", "{88C56571-5259-4E5B-B73B-63A3CC6940AA}"
EndProject
Project("{FAE04EC0-301F-11D3-BF4B-00C04F79EFBC}") = "Interface_Segregation", "Interface_Segregation\Interface_Segregation.csproj", "{0DB6699C-D4ED-409E-8DA9-E13D94FC5DD3}"
EndProject
Project("{FAE04EC0-301F-11D3-BF4B-00C04F79EFBC}") = "Dependency_Inversion", "Dependency_Inversion\Dependency_Inversion.csproj", "{D639A59A-5BDB-4647-AB56-08AEA7B5A60F}"
EndProject
Project("{FAE04EC0-301F-11D3-BF4B-00C04F79EFBC}") = "Template_Method_Design_Pattern", "Template_Method_Design_Pattern\Template_Method_Design_Pattern.csproj", "{87D85F04-5A19-445E-8FDA-70628ACF8567}"
EndProject
Global
	GlobalSection(SolutionConfigurationPlatforms) = preSolution
		Debug|Any CPU = Debug|Any CPU
		Release|Any CPU = Release|Any CPU
	EndGlobalSection
	GlobalSection(ProjectConfigurationPlatforms) = postSolution
		{0D1C4081-4281-47DB-A40F-FC84FD706CC3}.Debug|Any CPU.ActiveCfg = Debug|Any CPU
		{0D1C4081-4281-47DB-A40F-FC84FD706CC3}.Debug|Any CPU.Build.0 = Debug|Any CPU
		{0D1C4081-4281-47DB-A40F-FC84FD706CC3}.Release|Any CPU.ActiveCfg = Release|Any CPU
		{0D1C4081-4281-47DB-A40F-FC84FD706CC3}.Release|Any CPU.Build.0 = Release|Any CPU
		{DEAE7A73-EB22-458F-BD5A-3690A3F5AFFE}.Debug|Any CPU.ActiveCfg = Debug|Any CPU
		{DEAE7A73-EB22-458F-BD5A-3690A3F5AFFE}.Debug|Any CPU.Build.0 = Debug|Any CPU
		{DEAE7A73-EB22-458F-BD5A-3690A3F5AFFE}.Release|Any CPU.ActiveCfg = Release|Any CPU
		{DEAE7A73-EB22-458F-BD5A-3690A3F5AFFE}.Release|Any CPU.Build.0 = Release|Any CPU
		{4694412B-91FD-451E-B5B0-3BA94E89F631}.Debug|Any CPU.ActiveCfg = Debug|Any CPU
		{4694412B-91FD-451E-B5B0-3BA94E89F631}.Debug|Any CPU.Build.0 = Debug|Any CPU
		{4694412B-91FD-451E-B5B0-3BA94E89F631}.Release|Any CPU.ActiveCfg = Release|Any CPU
		{4694412B-91FD-451E-B5B0-3BA94E89F631}.Release|Any CPU.Build.0 = Release|Any CPU
		{11AFB7A2-C345-4358-A464-BB2A9AEF798C}.Debug|Any CPU.ActiveCfg = Debug|Any CPU
		{11AFB7A2-C345-4358-A464-BB2A9AEF798C}.Debug|Any CPU.Build.0 = Debug|Any CPU
		{11AFB7A2-C345-4358-A464-BB2A9AEF798C}.Release|Any CPU.ActiveCfg = Release|Any CPU
		{11AFB7A2-C345-4358-A464-BB2A9AEF798C}.Release|Any CPU.Build.0 = Release|Any CPU
		{155E68BF-83E0-41F1-802C-361F99F3610F}.Debug|Any CPU.ActiveCfg = Debug|Any CPU
		{155E68BF-83E0-41F1-802C-361F99F3610F}.Debug|Any CPU.Build.0 = Debug|Any CPU
		{155E68BF-83E0-41F1-802C-361F99F3610F}.Release|Any CPU.ActiveCfg = Release|Any CPU
		{155E68BF-83E0-41F1-802C-361F99F3610F}.Release|Any CPU.Build.0 = Release|Any CPU
		{CFB33743-B65D-469F-9098-3AB7BDB2B854}.Debug|Any CPU.ActiveCfg = Debug|Any CPU
		{CFB33743-B65D-469F-9098-3AB7BDB2B854}.Debug|Any CPU.Build.0 = Debug|Any CPU
		{CFB33743-B65D-469F-9098-3AB7BDB2B854}.Release|Any CPU.ActiveCfg = Release|Any CPU
		{CFB33743-B65D-469F-9098-3AB7BDB2B854}.Release|Any CPU.Build.0 = Release|Any CPU
		{523A5319-0881-4E6C-AAF0-BA1E0CEEB837}.Debug|Any CPU.ActiveCfg = Debug|Any CPU
		{523A5319-0881-4E6C-AAF0-BA1E0CEEB837}.Debug|Any CPU.Build.0 = Debug|Any CPU
		{523A5319-0881-4E6C-AAF0-BA1E0CEEB837}.Release|Any CPU.ActiveCfg = Release|Any CPU
		{523A5319-0881-4E6C-AAF0-BA1E0CEEB837}.Release|Any CPU.Build.0 = Release|Any CPU
		{E769B2A2-808B-4FD1-B49C-D6971E5CA988}.Debug|Any CPU.ActiveCfg = Debug|Any CPU
		{E769B2A2-808B-4FD1-B49C-D6971E5CA988}.Debug|Any CPU.Build.0 = Debug|Any CPU
		{E769B2A2-808B-4FD1-B49C-D6971E5CA988}.Release|Any CPU.ActiveCfg = Release|Any CPU
		{E769B2A2-808B-4FD1-B49C-D6971E5CA988}.Release|Any CPU.Build.0 = Release|Any CPU
		{2ED87C50-9925-47CA-8652-4A3DECB20457}.Debug|Any CPU.ActiveCfg = Debug|Any CPU
		{2ED87C50-9925-47CA-8652-4A3DECB20457}.Debug|Any CPU.Build.0 = Debug|Any CPU
		{2ED87C50-9925-47CA-8652-4A3DECB20457}.Release|Any CPU.ActiveCfg = Release|Any CPU
		{2ED87C50-9925-47CA-8652-4A3DECB20457}.Release|Any CPU.Build.0 = Release|Any CPU
		{4C7BCA3B-BD59-4347-B4A0-B108AD13776A}.Debug|Any CPU.ActiveCfg = Debug|Any CPU
		{4C7BCA3B-BD59-4347-B4A0-B108AD13776A}.Debug|Any CPU.Build.0 = Debug|Any CPU
		{4C7BCA3B-BD59-4347-B4A0-B108AD13776A}.Release|Any CPU.ActiveCfg = Release|Any CPU
		{4C7BCA3B-BD59-4347-B4A0-B108AD13776A}.Release|Any CPU.Build.0 = Release|Any CPU
		{9AE7648D-0CEB-4886-A6FC-41186C19864A}.Debug|Any CPU.ActiveCfg = Debug|Any CPU
		{9AE7648D-0CEB-4886-A6FC-41186C19864A}.Debug|Any CPU.Build.0 = Debug|Any CPU
		{9AE7648D-0CEB-4886-A6FC-41186C19864A}.Release|Any CPU.ActiveCfg = Release|Any CPU
		{9AE7648D-0CEB-4886-A6FC-41186C19864A}.Release|Any CPU.Build.0 = Release|Any CPU
		{B9E4777D-8DDC-4531-9E6D-6B323B17F326}.Debug|Any CPU.ActiveCfg = Debug|Any CPU
		{B9E4777D-8DDC-4531-9E6D-6B323B17F326}.Debug|Any CPU.Build.0 = Debug|Any CPU
		{B9E4777D-8DDC-4531-9E6D-6B323B17F326}.Release|Any CPU.ActiveCfg = Release|Any CPU
		{B9E4777D-8DDC-4531-9E6D-6B323B17F326}.Release|Any CPU.Build.0 = Release|Any CPU
		{9D473CA3-8527-45C1-805F-98A90CF602AE}.Debug|Any CPU.ActiveCfg = Debug|Any CPU
		{9D473CA3-8527-45C1-805F-98A90CF602AE}.Debug|Any CPU.Build.0 = Debug|Any CPU
		{9D473CA3-8527-45C1-805F-98A90CF602AE}.Release|Any CPU.ActiveCfg = Release|Any CPU
		{9D473CA3-8527-45C1-805F-98A90CF602AE}.Release|Any CPU.Build.0 = Release|Any CPU
		{E4D2785D-3653-4902-8362-00E6A44C4B6F}.Debug|Any CPU.ActiveCfg = Debug|Any CPU
		{E4D2785D-3653-4902-8362-00E6A44C4B6F}.Debug|Any CPU.Build.0 = Debug|Any CPU
		{E4D2785D-3653-4902-8362-00E6A44C4B6F}.Release|Any CPU.ActiveCfg = Release|Any CPU
		{E4D2785D-3653-4902-8362-00E6A44C4B6F}.Release|Any CPU.Build.0 = Release|Any CPU
		{D30F81C0-7D2E-4F76-99FA-7FBA3AA7C852}.Debug|Any CPU.ActiveCfg = Debug|Any CPU
		{D30F81C0-7D2E-4F76-99FA-7FBA3AA7C852}.Debug|Any CPU.Build.0 = Debug|Any CPU
		{D30F81C0-7D2E-4F76-99FA-7FBA3AA7C852}.Release|Any CPU.ActiveCfg = Release|Any CPU
		{D30F81C0-7D2E-4F76-99FA-7FBA3AA7C852}.Release|Any CPU.Build.0 = Release|Any CPU
		{88C56571-5259-4E5B-B73B-63A3CC6940AA}.Debug|Any CPU.ActiveCfg = Debug|Any CPU
		{88C56571-5259-4E5B-B73B-63A3CC6940AA}.Debug|Any CPU.Build.0 = Debug|Any CPU
		{88C56571-5259-4E5B-B73B-63A3CC6940AA}.Release|Any CPU.ActiveCfg = Release|Any CPU
		{88C56571-5259-4E5B-B73B-63A3CC6940AA}.Release|Any CPU.Build.0 = Release|Any CPU
		{0DB6699C-D4ED-409E-8DA9-E13D94FC5DD3}.Debug|Any CPU.ActiveCfg = Debug|Any CPU
		{0DB6699C-D4ED-409E-8DA9-E13D94FC5DD3}.Debug|Any CPU.Build.0 = Debug|Any CPU
		{0DB6699C-D4ED-409E-8DA9-E13D94FC5DD3}.Release|Any CPU.ActiveCfg = Release|Any CPU
		{0DB6699C-D4ED-409E-8DA9-E13D94FC5DD3}.Release|Any CPU.Build.0 = Release|Any CPU
		{D639A59A-5BDB-4647-AB56-08AEA7B5A60F}.Debug|Any CPU.ActiveCfg = Debug|Any CPU
		{D639A59A-5BDB-4647-AB56-08AEA7B5A60F}.Debug|Any CPU.Build.0 = Debug|Any CPU
		{D639A59A-5BDB-4647-AB56-08AEA7B5A60F}.Release|Any CPU.ActiveCfg = Release|Any CPU
		{D639A59A-5BDB-4647-AB56-08AEA7B5A60F}.Release|Any CPU.Build.0 = Release|Any CPU
		{87D85F04-5A19-445E-8FDA-70628ACF8567}.Debug|Any CPU.ActiveCfg = Debug|Any CPU
		{87D85F04-5A19-445E-8FDA-70628ACF8567}.Debug|Any CPU.Build.0 = Debug|Any CPU
		{87D85F04-5A19-445E-8FDA-70628ACF8567}.Release|Any CPU.ActiveCfg = Release|Any CPU
		{87D85F04-5A19-445E-8FDA-70628ACF8567}.Release|Any CPU.Build.0 = Release|Any CPU
	EndGlobalSection
	GlobalSection(SolutionProperties) = preSolution
		HideSolutionNode = FALSE
	EndGlobalSection
	GlobalSection(ExtensibilityGlobals) = postSolution
		SolutionGuid = {0978FADE-E615-4113-93D6-797BFF3829B3}
	EndGlobalSection
EndGlobal
